
Microsoft Visual Studio Solution File, Format Version 12.00
# Visual Studio Version 17
VisualStudioVersion = 17.9.34616.47
MinimumVisualStudioVersion = 10.0.40219.1
Project("{FAE04EC0-301F-11D3-BF4B-00C04F79EFBC}") = "MVCApp", "MVCApp\MVCApp.csproj", "{881BE480-EE12-4C5F-AB81-00492B4A5A4B}"
EndProject
Global
	GlobalSection(SolutionConfigurationPlatforms) = preSolution
		Debug|Any CPU = Debug|Any CPU
		Release|Any CPU = Release|Any CPU
	EndGlobalSection
	GlobalSection(ProjectConfigurationPlatforms) = postSolution
		{881BE480-EE12-4C5F-AB81-00492B4A5A4B}.Debug|Any CPU.ActiveCfg = Debug|Any CPU
		{881BE480-EE12-4C5F-AB81-00492B4A5A4B}.Debug|Any CPU.Build.0 = Debug|Any CPU
		{881BE480-EE12-4C5F-AB81-00492B4A5A4B}.Release|Any CPU.ActiveCfg = Release|Any CPU
		{881BE480-EE12-4C5F-AB81-00492B4A5A4B}.Release|Any CPU.Build.0 = Release|Any CPU
	EndGlobalSection
	GlobalSection(SolutionProperties) = preSolution
		HideSolutionNode = FALSE
	EndGlobalSection
	GlobalSection(ExtensibilityGlobals) = postSolution
		SolutionGuid = {921CA138-5599-4BEA-A31B-F7FF62FDE7B1}
	EndGlobalSection
EndGlobal
